
Microsoft Visual Studio Solution File, Format Version 12.00
# Visual Studio Version 17
VisualStudioVersion = 17.6.33723.286
MinimumVisualStudioVersion = 10.0.40219.1
Project("{FAE04EC0-301F-11D3-BF4B-00C04F79EFBC}") = "Metigator.DesignPattern.Before", "Metigator.DesignPattern.Before\Metigator.DesignPattern.Before.csproj", "{6CFC6E77-F205-46F7-B75C-410B6408AEBC}"
EndProject
Project("{9A19103F-16F7-4668-BE54-9A1E7A4F7556}") = "Metigator.DesignPattern.SimpleFactory", "Metigator.DesignPattern.SimpleFactory\Metigator.DesignPattern.SimpleFactory.csproj", "{6311905F-4B7C-45BE-BEA7-7729AC037B0E}"
EndProject
Project("{9A19103F-16F7-4668-BE54-9A1E7A4F7556}") = "Metigator.DesignPattern.FactoryMethod", "Metigator.DesignPattern.FactoryMethod\Metigator.DesignPattern.FactoryMethod.csproj", "{220CD4DC-EAD3-4C03-8CDE-F3D04A3151A6}"
EndProject
Project("{9A19103F-16F7-4668-BE54-9A1E7A4F7556}") = "Metigator.DesignPattern.AbstractFactory", "Metigator.DesignPattern.AbstractFactory\Metigator.DesignPattern.AbstractFactory.csproj", "{6B05EA53-B92A-47D4-A392-97381F52D813}"
EndProject
Global
	GlobalSection(SolutionConfigurationPlatforms) = preSolution
		Debug|Any CPU = Debug|Any CPU
		Release|Any CPU = Release|Any CPU
	EndGlobalSection
	GlobalSection(ProjectConfigurationPlatforms) = postSolution
		{6CFC6E77-F205-46F7-B75C-410B6408AEBC}.Debug|Any CPU.ActiveCfg = Debug|Any CPU
		{6CFC6E77-F205-46F7-B75C-410B6408AEBC}.Debug|Any CPU.Build.0 = Debug|Any CPU
		{6CFC6E77-F205-46F7-B75C-410B6408AEBC}.Release|Any CPU.ActiveCfg = Release|Any CPU
		{6CFC6E77-F205-46F7-B75C-410B6408AEBC}.Release|Any CPU.Build.0 = Release|Any CPU
		{6311905F-4B7C-45BE-BEA7-7729AC037B0E}.Debug|Any CPU.ActiveCfg = Debug|Any CPU
		{6311905F-4B7C-45BE-BEA7-7729AC037B0E}.Debug|Any CPU.Build.0 = Debug|Any CPU
		{6311905F-4B7C-45BE-BEA7-7729AC037B0E}.Release|Any CPU.ActiveCfg = Release|Any CPU
		{6311905F-4B7C-45BE-BEA7-7729AC037B0E}.Release|Any CPU.Build.0 = Release|Any CPU
		{220CD4DC-EAD3-4C03-8CDE-F3D04A3151A6}.Debug|Any CPU.ActiveCfg = Debug|Any CPU
		{220CD4DC-EAD3-4C03-8CDE-F3D04A3151A6}.Debug|Any CPU.Build.0 = Debug|Any CPU
		{220CD4DC-EAD3-4C03-8CDE-F3D04A3151A6}.Release|Any CPU.ActiveCfg = Release|Any CPU
		{220CD4DC-EAD3-4C03-8CDE-F3D04A3151A6}.Release|Any CPU.Build.0 = Release|Any CPU
		{6B05EA53-B92A-47D4-A392-97381F52D813}.Debug|Any CPU.ActiveCfg = Debug|Any CPU
		{6B05EA53-B92A-47D4-A392-97381F52D813}.Debug|Any CPU.Build.0 = Debug|Any CPU
		{6B05EA53-B92A-47D4-A392-97381F52D813}.Release|Any CPU.ActiveCfg = Release|Any CPU
		{6B05EA53-B92A-47D4-A392-97381F52D813}.Release|Any CPU.Build.0 = Release|Any CPU
	EndGlobalSection
	GlobalSection(SolutionProperties) = preSolution
		HideSolutionNode = FALSE
	EndGlobalSection
	GlobalSection(ExtensibilityGlobals) = postSolution
		SolutionGuid = {BFC9B839-9B26-4B89-9BA4-95FC1D4590C4}
	EndGlobalSection
EndGlobal
